
Microsoft Visual Studio Solution File, Format Version 12.00
# Visual Studio Version 16
VisualStudioVersion = 16.0.31205.134
MinimumVisualStudioVersion = 10.0.40219.1
Project("{FAE04EC0-301F-11D3-BF4B-00C04F79EFBC}") = "Snippets", "Snippets.csproj", "{F86B5578-F6EE-4253-B7A0-20F7654468C2}"
EndProject
Global
	GlobalSection(SolutionConfigurationPlatforms) = preSolution
		Debug|Any CPU = Debug|Any CPU
		Release|Any CPU = Release|Any CPU
	EndGlobalSection
	GlobalSection(ProjectConfigurationPlatforms) = postSolution
		{F86B5578-F6EE-4253-B7A0-20F7654468C2}.Debug|Any CPU.ActiveCfg = Debug|Any CPU
		{F86B5578-F6EE-4253-B7A0-20F7654468C2}.Debug|Any CPU.Build.0 = Debug|Any CPU
		{F86B5578-F6EE-4253-B7A0-20F7654468C2}.Release|Any CPU.ActiveCfg = Release|Any CPU
		{F86B5578-F6EE-4253-B7A0-20F7654468C2}.Release|Any CPU.Build.0 = Release|Any CPU
	EndGlobalSection
	GlobalSection(SolutionProperties) = preSolution
		HideSolutionNode = FALSE
	EndGlobalSection
	GlobalSection(ExtensibilityGlobals) = postSolution
		SolutionGuid = {92F02625-04D2-4274-B3BE-FA87B799ADDD}
	EndGlobalSection
EndGlobal
